// !$*UTF8*$!
{
	archiveVersion = 1;
	classes = {
	};
	objectVersion = 56;
	objects = {

/* Begin PBXBuildFile section */
		02B8879A295E4D7C00DFEDD4 /* AppDelegate.swift in Sources */ = {isa = PBXBuildFile; fileRef = 02B88799295E4D7C00DFEDD4 /* AppDelegate.swift */; };
		02B8879C295E4D7C00DFEDD4 /* SceneDelegate.swift in Sources */ = {isa = PBXBuildFile; fileRef = 02B8879B295E4D7C00DFEDD4 /* SceneDelegate.swift */; };
		02B8879E295E4D7C00DFEDD4 /* ViewController.swift in Sources */ = {isa = PBXBuildFile; fileRef = 02B8879D295E4D7C00DFEDD4 /* ViewController.swift */; };
		02B887A1295E4D7C00DFEDD4 /* Main.storyboard in Resources */ = {isa = PBXBuildFile; fileRef = 02B8879F295E4D7C00DFEDD4 /* Main.storyboard */; };
		02B887A3295E4D7D00DFEDD4 /* Assets.xcassets in Resources */ = {isa = PBXBuildFile; fileRef = 02B887A2295E4D7D00DFEDD4 /* Assets.xcassets */; };
		02B887A6295E4D7D00DFEDD4 /* LaunchScreen.storyboard in Resources */ = {isa = PBXBuildFile; fileRef = 02B887A4295E4D7D00DFEDD4 /* LaunchScreen.storyboard */; };
		02B887B1295E4D7E00DFEDD4 /* APINetworkingTests.swift in Sources */ = {isa = PBXBuildFile; fileRef = 02B887B0295E4D7E00DFEDD4 /* APINetworkingTests.swift */; };
		02B887BB295E4D7E00DFEDD4 /* APINetworkingUITests.swift in Sources */ = {isa = PBXBuildFile; fileRef = 02B887BA295E4D7E00DFEDD4 /* APINetworkingUITests.swift */; };
		02B887BD295E4D7E00DFEDD4 /* APINetworkingUITestsLaunchTests.swift in Sources */ = {isa = PBXBuildFile; fileRef = 02B887BC295E4D7E00DFEDD4 /* APINetworkingUITestsLaunchTests.swift */; };
		02B88809295E55BA00DFEDD4 /* NetworkingModel.swift in Sources */ = {isa = PBXBuildFile; fileRef = 02B88808295E55BA00DFEDD4 /* NetworkingModel.swift */; };
		5ED7AC9BE55F5880669604BF /* Pods_APINetworking_APINetworkingUITests.framework in Frameworks */ = {isa = PBXBuildFile; fileRef = 286D6F7047C2579A974958A5 /* Pods_APINetworking_APINetworkingUITests.framework */; };
		A33486AE13D7FA04FEDFFD92 /* Pods_APINetworkingTests.framework in Frameworks */ = {isa = PBXBuildFile; fileRef = 032896A1E59F075B934156CB /* Pods_APINetworkingTests.framework */; };
		AE169C8FABEA31965A6A843E /* Pods_APINetworking.framework in Frameworks */ = {isa = PBXBuildFile; fileRef = DFDFEB8CEF1DC3E71AB82568 /* Pods_APINetworking.framework */; };
/* End PBXBuildFile section */

/* Begin PBXContainerItemProxy section */
		02B887AD295E4D7E00DFEDD4 /* PBXContainerItemProxy */ = {
			isa = PBXContainerItemProxy;
			containerPortal = 02B8878E295E4D7C00DFEDD4 /* Project object */;
			proxyType = 1;
			remoteGlobalIDString = 02B88795295E4D7C00DFEDD4;
			remoteInfo = APINetworking;
		};
		02B887B7295E4D7E00DFEDD4 /* PBXContainerItemProxy */ = {
			isa = PBXContainerItemProxy;
			containerPortal = 02B8878E295E4D7C00DFEDD4 /* Project object */;
			proxyType = 1;
			remoteGlobalIDString = 02B88795295E4D7C00DFEDD4;
			remoteInfo = APINetworking;
		};
/* End PBXContainerItemProxy section */

/* Begin PBXFileReference section */
		02B88796295E4D7C00DFEDD4 /* APINetworking.app */ = {isa = PBXFileReference; explicitFileType = wrapper.application; includeInIndex = 0; path = APINetworking.app; sourceTree = BUILT_PRODUCTS_DIR; };
		02B88799295E4D7C00DFEDD4 /* AppDelegate.swift */ = {isa = PBXFileReference; lastKnownFileType = sourcecode.swift; path = AppDelegate.swift; sourceTree = "<group>"; };
		02B8879B295E4D7C00DFEDD4 /* SceneDelegate.swift */ = {isa = PBXFileReference; lastKnownFileType = sourcecode.swift; path = SceneDelegate.swift; sourceTree = "<group>"; };
		02B8879D295E4D7C00DFEDD4 /* ViewController.swift */ = {isa = PBXFileReference; lastKnownFileType = sourcecode.swift; path = ViewController.swift; sourceTree = "<group>"; };
		02B887A0295E4D7C00DFEDD4 /* Base */ = {isa = PBXFileReference; lastKnownFileType = file.storyboard; name = Base; path = Base.lproj/Main.storyboard; sourceTree = "<group>"; };
		02B887A2295E4D7D00DFEDD4 /* Assets.xcassets */ = {isa = PBXFileReference; lastKnownFileType = folder.assetcatalog; path = Assets.xcassets; sourceTree = "<group>"; };
		02B887A5295E4D7D00DFEDD4 /* Base */ = {isa = PBXFileReference; lastKnownFileType = file.storyboard; name = Base; path = Base.lproj/LaunchScreen.storyboard; sourceTree = "<group>"; };
		02B887A7295E4D7D00DFEDD4 /* Info.plist */ = {isa = PBXFileReference; lastKnownFileType = text.plist.xml; path = Info.plist; sourceTree = "<group>"; };
		02B887AC295E4D7E00DFEDD4 /* APINetworkingTests.xctest */ = {isa = PBXFileReference; explicitFileType = wrapper.cfbundle; includeInIndex = 0; path = APINetworkingTests.xctest; sourceTree = BUILT_PRODUCTS_DIR; };
		02B887B0295E4D7E00DFEDD4 /* APINetworkingTests.swift */ = {isa = PBXFileReference; lastKnownFileType = sourcecode.swift; path = APINetworkingTests.swift; sourceTree = "<group>"; };
		02B887B6295E4D7E00DFEDD4 /* APINetworkingUITests.xctest */ = {isa = PBXFileReference; explicitFileType = wrapper.cfbundle; includeInIndex = 0; path = APINetworkingUITests.xctest; sourceTree = BUILT_PRODUCTS_DIR; };
		02B887BA295E4D7E00DFEDD4 /* APINetworkingUITests.swift */ = {isa = PBXFileReference; lastKnownFileType = sourcecode.swift; path = APINetworkingUITests.swift; sourceTree = "<group>"; };
		02B887BC295E4D7E00DFEDD4 /* APINetworkingUITestsLaunchTests.swift */ = {isa = PBXFileReference; lastKnownFileType = sourcecode.swift; path = APINetworkingUITestsLaunchTests.swift; sourceTree = "<group>"; };
		02B88808295E55BA00DFEDD4 /* NetworkingModel.swift */ = {isa = PBXFileReference; lastKnownFileType = sourcecode.swift; path = NetworkingModel.swift; sourceTree = "<group>"; };
		032896A1E59F075B934156CB /* Pods_APINetworkingTests.framework */ = {isa = PBXFileReference; explicitFileType = wrapper.framework; includeInIndex = 0; path = Pods_APINetworkingTests.framework; sourceTree = BUILT_PRODUCTS_DIR; };
		1F68B2BC90C19A843015D2CC /* Pods-APINetworking.debug.xcconfig */ = {isa = PBXFileReference; includeInIndex = 1; lastKnownFileType = text.xcconfig; name = "Pods-APINetworking.debug.xcconfig"; path = "Target Support Files/Pods-APINetworking/Pods-APINetworking.debug.xcconfig"; sourceTree = "<group>"; };
		286D6F7047C2579A974958A5 /* Pods_APINetworking_APINetworkingUITests.framework */ = {isa = PBXFileReference; explicitFileType = wrapper.framework; includeInIndex = 0; path = Pods_APINetworking_APINetworkingUITests.framework; sourceTree = BUILT_PRODUCTS_DIR; };
		7274531605FF6BE80A982001 /* Pods-APINetworking.release.xcconfig */ = {isa = PBXFileReference; includeInIndex = 1; lastKnownFileType = text.xcconfig; name = "Pods-APINetworking.release.xcconfig"; path = "Target Support Files/Pods-APINetworking/Pods-APINetworking.release.xcconfig"; sourceTree = "<group>"; };
		9AACAC15501F9DDBB65A7B53 /* Pods-APINetworkingTests.debug.xcconfig */ = {isa = PBXFileReference; includeInIndex = 1; lastKnownFileType = text.xcconfig; name = "Pods-APINetworkingTests.debug.xcconfig"; path = "Target Support Files/Pods-APINetworkingTests/Pods-APINetworkingTests.debug.xcconfig"; sourceTree = "<group>"; };
		C662D009624832F27F323038 /* Pods-APINetworkingTests.release.xcconfig */ = {isa = PBXFileReference; includeInIndex = 1; lastKnownFileType = text.xcconfig; name = "Pods-APINetworkingTests.release.xcconfig"; path = "Target Support Files/Pods-APINetworkingTests/Pods-APINetworkingTests.release.xcconfig"; sourceTree = "<group>"; };
		DADAA5FBF7DE7B6FD487CE23 /* Pods-APINetworking-APINetworkingUITests.debug.xcconfig */ = {isa = PBXFileReference; includeInIndex = 1; lastKnownFileType = text.xcconfig; name = "Pods-APINetworking-APINetworkingUITests.debug.xcconfig"; path = "Target Support Files/Pods-APINetworking-APINetworkingUITests/Pods-APINetworking-APINetworkingUITests.debug.xcconfig"; sourceTree = "<group>"; };
		DFDFEB8CEF1DC3E71AB82568 /* Pods_APINetworking.framework */ = {isa = PBXFileReference; explicitFileType = wrapper.framework; includeInIndex = 0; path = Pods_APINetworking.framework; sourceTree = BUILT_PRODUCTS_DIR; };
		EBECC473099EC15C286AE8EE /* Pods-APINetworking-APINetworkingUITests.release.xcconfig */ = {isa = PBXFileReference; includeInIndex = 1; lastKnownFileType = text.xcconfig; name = "Pods-APINetworking-APINetworkingUITests.release.xcconfig"; path = "Target Support Files/Pods-APINetworking-APINetworkingUITests/Pods-APINetworking-APINetworkingUITests.release.xcconfig"; sourceTree = "<group>"; };
/* End PBXFileReference section */

/* Begin PBXFrameworksBuildPhase section */
		02B88793295E4D7C00DFEDD4 /* Frameworks */ = {
			isa = PBXFrameworksBuildPhase;
			buildActionMask = 2147483647;
			files = (
				AE169C8FABEA31965A6A843E /* Pods_APINetworking.framework in Frameworks */,
			);
			runOnlyForDeploymentPostprocessing = 0;
		};
		02B887A9295E4D7E00DFEDD4 /* Frameworks */ = {
			isa = PBXFrameworksBuildPhase;
			buildActionMask = 2147483647;
			files = (
				A33486AE13D7FA04FEDFFD92 /* Pods_APINetworkingTests.framework in Frameworks */,
			);
			runOnlyForDeploymentPostprocessing = 0;
		};
		02B887B3295E4D7E00DFEDD4 /* Frameworks */ = {
			isa = PBXFrameworksBuildPhase;
			buildActionMask = 2147483647;
			files = (
				5ED7AC9BE55F5880669604BF /* Pods_APINetworking_APINetworkingUITests.framework in Frameworks */,
			);
			runOnlyForDeploymentPostprocessing = 0;
		};
/* End PBXFrameworksBuildPhase section */

/* Begin PBXGroup section */
		02B8878D295E4D7C00DFEDD4 = {
			isa = PBXGroup;
			children = (
				02B88798295E4D7C00DFEDD4 /* APINetworking */,
				02B887AF295E4D7E00DFEDD4 /* APINetworkingTests */,
				02B887B9295E4D7E00DFEDD4 /* APINetworkingUITests */,
				02B88797295E4D7C00DFEDD4 /* Products */,
				8996BABBF9A3B61C7F9A6321 /* Pods */,
				E0D004FF65070FE9D7ADB803 /* Frameworks */,
			);
			sourceTree = "<group>";
		};
		02B88797295E4D7C00DFEDD4 /* Products */ = {
			isa = PBXGroup;
			children = (
				02B88796295E4D7C00DFEDD4 /* APINetworking.app */,
				02B887AC295E4D7E00DFEDD4 /* APINetworkingTests.xctest */,
				02B887B6295E4D7E00DFEDD4 /* APINetworkingUITests.xctest */,
			);
			name = Products;
			sourceTree = "<group>";
		};
		02B88798295E4D7C00DFEDD4 /* APINetworking */ = {
			isa = PBXGroup;
			children = (
				02B88807295E511000DFEDD4 /* ViewModels */,
				02B88806295E510600DFEDD4 /* Views */,
				02B88805295E50F700DFEDD4 /* Models */,
				02B887A2295E4D7D00DFEDD4 /* Assets.xcassets */,
				02B887A7295E4D7D00DFEDD4 /* Info.plist */,
			);
			path = APINetworking;
			sourceTree = "<group>";
		};
		02B887AF295E4D7E00DFEDD4 /* APINetworkingTests */ = {
			isa = PBXGroup;
			children = (
				02B887B0295E4D7E00DFEDD4 /* APINetworkingTests.swift */,
			);
			path = APINetworkingTests;
			sourceTree = "<group>";
		};
		02B887B9295E4D7E00DFEDD4 /* APINetworkingUITests */ = {
			isa = PBXGroup;
			children = (
				02B887BA295E4D7E00DFEDD4 /* APINetworkingUITests.swift */,
				02B887BC295E4D7E00DFEDD4 /* APINetworkingUITestsLaunchTests.swift */,
			);
			path = APINetworkingUITests;
			sourceTree = "<group>";
		};
		02B88805295E50F700DFEDD4 /* Models */ = {
			isa = PBXGroup;
			children = (
				02B88808295E55BA00DFEDD4 /* NetworkingModel.swift */,
			);
			path = Models;
			sourceTree = "<group>";
		};
		02B88806295E510600DFEDD4 /* Views */ = {
			isa = PBXGroup;
			children = (
				02B887A4295E4D7D00DFEDD4 /* LaunchScreen.storyboard */,
				02B8879F295E4D7C00DFEDD4 /* Main.storyboard */,
			);
			path = Views;
			sourceTree = "<group>";
		};
		02B88807295E511000DFEDD4 /* ViewModels */ = {
			isa = PBXGroup;
			children = (
				02B8879D295E4D7C00DFEDD4 /* ViewController.swift */,
				02B88799295E4D7C00DFEDD4 /* AppDelegate.swift */,
				02B8879B295E4D7C00DFEDD4 /* SceneDelegate.swift */,
			);
			path = ViewModels;
			sourceTree = "<group>";
		};
		8996BABBF9A3B61C7F9A6321 /* Pods */ = {
			isa = PBXGroup;
			children = (
				1F68B2BC90C19A843015D2CC /* Pods-APINetworking.debug.xcconfig */,
				7274531605FF6BE80A982001 /* Pods-APINetworking.release.xcconfig */,
				DADAA5FBF7DE7B6FD487CE23 /* Pods-APINetworking-APINetworkingUITests.debug.xcconfig */,
				EBECC473099EC15C286AE8EE /* Pods-APINetworking-APINetworkingUITests.release.xcconfig */,
				9AACAC15501F9DDBB65A7B53 /* Pods-APINetworkingTests.debug.xcconfig */,
				C662D009624832F27F323038 /* Pods-APINetworkingTests.release.xcconfig */,
			);
			path = Pods;
			sourceTree = "<group>";
		};
		E0D004FF65070FE9D7ADB803 /* Frameworks */ = {
			isa = PBXGroup;
			children = (
				DFDFEB8CEF1DC3E71AB82568 /* Pods_APINetworking.framework */,
				286D6F7047C2579A974958A5 /* Pods_APINetworking_APINetworkingUITests.framework */,
				032896A1E59F075B934156CB /* Pods_APINetworkingTests.framework */,
			);
			name = Frameworks;
			sourceTree = "<group>";
		};
/* End PBXGroup section */

/* Begin PBXNativeTarget section */
		02B88795295E4D7C00DFEDD4 /* APINetworking */ = {
			isa = PBXNativeTarget;
			buildConfigurationList = 02B887C0295E4D7E00DFEDD4 /* Build configuration list for PBXNativeTarget "APINetworking" */;
			buildPhases = (
				56EA3F0442CB1912F9CF95C7 /* [CP] Check Pods Manifest.lock */,
				02B88792295E4D7C00DFEDD4 /* Sources */,
				02B88793295E4D7C00DFEDD4 /* Frameworks */,
				02B88794295E4D7C00DFEDD4 /* Resources */,
				DFE23B94F28277CA125C3A15 /* [CP] Embed Pods Frameworks */,
			);
			buildRules = (
			);
			dependencies = (
			);
			name = APINetworking;
			productName = APINetworking;
			productReference = 02B88796295E4D7C00DFEDD4 /* APINetworking.app */;
			productType = "com.apple.product-type.application";
		};
		02B887AB295E4D7E00DFEDD4 /* APINetworkingTests */ = {
			isa = PBXNativeTarget;
			buildConfigurationList = 02B887C3295E4D7E00DFEDD4 /* Build configuration list for PBXNativeTarget "APINetworkingTests" */;
			buildPhases = (
				B01D316D3CA26BED973E9CA0 /* [CP] Check Pods Manifest.lock */,
				02B887A8295E4D7E00DFEDD4 /* Sources */,
				02B887A9295E4D7E00DFEDD4 /* Frameworks */,
				02B887AA295E4D7E00DFEDD4 /* Resources */,
			);
			buildRules = (
			);
			dependencies = (
				02B887AE295E4D7E00DFEDD4 /* PBXTargetDependency */,
			);
			name = APINetworkingTests;
			productName = APINetworkingTests;
			productReference = 02B887AC295E4D7E00DFEDD4 /* APINetworkingTests.xctest */;
			productType = "com.apple.product-type.bundle.unit-test";
		};
		02B887B5295E4D7E00DFEDD4 /* APINetworkingUITests */ = {
			isa = PBXNativeTarget;
			buildConfigurationList = 02B887C6295E4D7E00DFEDD4 /* Build configuration list for PBXNativeTarget "APINetworkingUITests" */;
			buildPhases = (
				7EA249C84DF5AAAE3580F4D0 /* [CP] Check Pods Manifest.lock */,
				02B887B2295E4D7E00DFEDD4 /* Sources */,
				02B887B3295E4D7E00DFEDD4 /* Frameworks */,
				02B887B4295E4D7E00DFEDD4 /* Resources */,
				624CCB6AAAEC00A6DF683A10 /* [CP] Embed Pods Frameworks */,
			);
			buildRules = (
			);
			dependencies = (
				02B887B8295E4D7E00DFEDD4 /* PBXTargetDependency */,
			);
			name = APINetworkingUITests;
			productName = APINetworkingUITests;
			productReference = 02B887B6295E4D7E00DFEDD4 /* APINetworkingUITests.xctest */;
			productType = "com.apple.product-type.bundle.ui-testing";
		};
/* End PBXNativeTarget section */

/* Begin PBXProject section */
		02B8878E295E4D7C00DFEDD4 /* Project object */ = {
			isa = PBXProject;
			attributes = {
				BuildIndependentTargetsInParallel = 1;
				LastSwiftUpdateCheck = 1420;
				LastUpgradeCheck = 1420;
				TargetAttributes = {
					02B88795295E4D7C00DFEDD4 = {
						CreatedOnToolsVersion = 14.2;
					};
					02B887AB295E4D7E00DFEDD4 = {
						CreatedOnToolsVersion = 14.2;
						TestTargetID = 02B88795295E4D7C00DFEDD4;
					};
					02B887B5295E4D7E00DFEDD4 = {
						CreatedOnToolsVersion = 14.2;
						TestTargetID = 02B88795295E4D7C00DFEDD4;
					};
				};
			};
			buildConfigurationList = 02B88791295E4D7C00DFEDD4 /* Build configuration list for PBXProject "APINetworking" */;
			compatibilityVersion = "Xcode 14.0";
			developmentRegion = en;
			hasScannedForEncodings = 0;
			knownRegions = (
				en,
				Base,
			);
			mainGroup = 02B8878D295E4D7C00DFEDD4;
			productRefGroup = 02B88797295E4D7C00DFEDD4 /* Products */;
			projectDirPath = "";
			projectRoot = "";
			targets = (
				02B88795295E4D7C00DFEDD4 /* APINetworking */,
				02B887AB295E4D7E00DFEDD4 /* APINetworkingTests */,
				02B887B5295E4D7E00DFEDD4 /* APINetworkingUITests */,
			);
		};
/* End PBXProject section */

/* Begin PBXResourcesBuildPhase section */
		02B88794295E4D7C00DFEDD4 /* Resources */ = {
			isa = PBXResourcesBuildPhase;
			buildActionMask = 2147483647;
			files = (
				02B887A6295E4D7D00DFEDD4 /* LaunchScreen.storyboard in Resources */,
				02B887A3295E4D7D00DFEDD4 /* Assets.xcassets in Resources */,
				02B887A1295E4D7C00DFEDD4 /* Main.storyboard in Resources */,
			);
			runOnlyForDeploymentPostprocessing = 0;
		};
		02B887AA295E4D7E00DFEDD4 /* Resources */ = {
			isa = PBXResourcesBuildPhase;
			buildActionMask = 2147483647;
			files = (
			);
			runOnlyForDeploymentPostprocessing = 0;
		};
		02B887B4295E4D7E00DFEDD4 /* Resources */ = {
			isa = PBXResourcesBuildPhase;
			buildActionMask = 2147483647;
			files = (
			);
			runOnlyForDeploymentPostprocessing = 0;
		};
/* End PBXResourcesBuildPhase section */

/* Begin PBXShellScriptBuildPhase section */
		56EA3F0442CB1912F9CF95C7 /* [CP] Check Pods Manifest.lock */ = {
			isa = PBXShellScriptBuildPhase;
			buildActionMask = 2147483647;
			files = (
			);
			inputFileListPaths = (
			);
			inputPaths = (
				"${PODS_PODFILE_DIR_PATH}/Podfile.lock",
				"${PODS_ROOT}/Manifest.lock",
			);
			name = "[CP] Check Pods Manifest.lock";
			outputFileListPaths = (
			);
			outputPaths = (
				"$(DERIVED_FILE_DIR)/Pods-APINetworking-checkManifestLockResult.txt",
			);
			runOnlyForDeploymentPostprocessing = 0;
			shellPath = /bin/sh;
			shellScript = "diff \"${PODS_PODFILE_DIR_PATH}/Podfile.lock\" \"${PODS_ROOT}/Manifest.lock\" > /dev/null\nif [ $? != 0 ] ; then\n    # print error to STDERR\n    echo \"error: The sandbox is not in sync with the Podfile.lock. Run 'pod install' or update your CocoaPods installation.\" >&2\n    exit 1\nfi\n# This output is used by Xcode 'outputs' to avoid re-running this script phase.\necho \"SUCCESS\" > \"${SCRIPT_OUTPUT_FILE_0}\"\n";
			showEnvVarsInLog = 0;
		};
		624CCB6AAAEC00A6DF683A10 /* [CP] Embed Pods Frameworks */ = {
			isa = PBXShellScriptBuildPhase;
			buildActionMask = 2147483647;
			files = (
			);
			inputFileListPaths = (
				"${PODS_ROOT}/Target Support Files/Pods-APINetworking-APINetworkingUITests/Pods-APINetworking-APINetworkingUITests-frameworks-${CONFIGURATION}-input-files.xcfilelist",
			);
			name = "[CP] Embed Pods Frameworks";
			outputFileListPaths = (
				"${PODS_ROOT}/Target Support Files/Pods-APINetworking-APINetworkingUITests/Pods-APINetworking-APINetworkingUITests-frameworks-${CONFIGURATION}-output-files.xcfilelist",
			);
			runOnlyForDeploymentPostprocessing = 0;
			shellPath = /bin/sh;
			shellScript = "\"${PODS_ROOT}/Target Support Files/Pods-APINetworking-APINetworkingUITests/Pods-APINetworking-APINetworkingUITests-frameworks.sh\"\n";
			showEnvVarsInLog = 0;
		};
		7EA249C84DF5AAAE3580F4D0 /* [CP] Check Pods Manifest.lock */ = {
			isa = PBXShellScriptBuildPhase;
			buildActionMask = 2147483647;
			files = (
			);
			inputFileListPaths = (
			);
			inputPaths = (
				"${PODS_PODFILE_DIR_PATH}/Podfile.lock",
				"${PODS_ROOT}/Manifest.lock",
			);
			name = "[CP] Check Pods Manifest.lock";
			outputFileListPaths = (
			);
			outputPaths = (
				"$(DERIVED_FILE_DIR)/Pods-APINetworking-APINetworkingUITests-checkManifestLockResult.txt",
			);
			runOnlyForDeploymentPostprocessing = 0;
			shellPath = /bin/sh;
			shellScript = "diff \"${PODS_PODFILE_DIR_PATH}/Podfile.lock\" \"${PODS_ROOT}/Manifest.lock\" > /dev/null\nif [ $? != 0 ] ; then\n    # print error to STDERR\n    echo \"error: The sandbox is not in sync with the Podfile.lock. Run 'pod install' or update your CocoaPods installation.\" >&2\n    exit 1\nfi\n# This output is used by Xcode 'outputs' to avoid re-running this script phase.\necho \"SUCCESS\" > \"${SCRIPT_OUTPUT_FILE_0}\"\n";
			showEnvVarsInLog = 0;
		};
		B01D316D3CA26BED973E9CA0 /* [CP] Check Pods Manifest.lock */ = {
			isa = PBXShellScriptBuildPhase;
			buildActionMask = 2147483647;
			files = (
			);
			inputFileListPaths = (
			);
			inputPaths = (
				"${PODS_PODFILE_DIR_PATH}/Podfile.lock",
				"${PODS_ROOT}/Manifest.lock",
			);
			name = "[CP] Check Pods Manifest.lock";
			outputFileListPaths = (
			);
			outputPaths = (
				"$(DERIVED_FILE_DIR)/Pods-APINetworkingTests-checkManifestLockResult.txt",
			);
			runOnlyForDeploymentPostprocessing = 0;
			shellPath = /bin/sh;
			shellScript = "diff \"${PODS_PODFILE_DIR_PATH}/Podfile.lock\" \"${PODS_ROOT}/Manifest.lock\" > /dev/null\nif [ $? != 0 ] ; then\n    # print error to STDERR\n    echo \"error: The sandbox is not in sync with the Podfile.lock. Run 'pod install' or update your CocoaPods installation.\" >&2\n    exit 1\nfi\n# This output is used by Xcode 'outputs' to avoid re-running this script phase.\necho \"SUCCESS\" > \"${SCRIPT_OUTPUT_FILE_0}\"\n";
			showEnvVarsInLog = 0;
		};
		DFE23B94F28277CA125C3A15 /* [CP] Embed Pods Frameworks */ = {
			isa = PBXShellScriptBuildPhase;
			buildActionMask = 2147483647;
			files = (
			);
			inputFileListPaths = (
				"${PODS_ROOT}/Target Support Files/Pods-APINetworking/Pods-APINetworking-frameworks-${CONFIGURATION}-input-files.xcfilelist",
			);
			name = "[CP] Embed Pods Frameworks";
			outputFileListPaths = (
				"${PODS_ROOT}/Target Support Files/Pods-APINetworking/Pods-APINetworking-frameworks-${CONFIGURATION}-output-files.xcfilelist",
			);
			runOnlyForDeploymentPostprocessing = 0;
			shellPath = /bin/sh;
			shellScript = "\"${PODS_ROOT}/Target Support Files/Pods-APINetworking/Pods-APINetworking-frameworks.sh\"\n";
			showEnvVarsInLog = 0;
		};
/* End PBXShellScriptBuildPhase section */

/* Begin PBXSourcesBuildPhase section */
		02B88792295E4D7C00DFEDD4 /* Sources */ = {
			isa = PBXSourcesBuildPhase;
			buildActionMask = 2147483647;
			files = (
				02B8879E295E4D7C00DFEDD4 /* ViewController.swift in Sources */,
				02B88809295E55BA00DFEDD4 /* NetworkingModel.swift in Sources */,
				02B8879A295E4D7C00DFEDD4 /* AppDelegate.swift in Sources */,
				02B8879C295E4D7C00DFEDD4 /* SceneDelegate.swift in Sources */,
			);
			runOnlyForDeploymentPostprocessing = 0;
		};
		02B887A8295E4D7E00DFEDD4 /* Sources */ = {
			isa = PBXSourcesBuildPhase;
			buildActionMask = 2147483647;
			files = (
				02B887B1295E4D7E00DFEDD4 /* APINetworkingTests.swift in Sources */,
			);
			runOnlyForDeploymentPostprocessing = 0;
		};
		02B887B2295E4D7E00DFEDD4 /* Sources */ = {
			isa = PBXSourcesBuildPhase;
			buildActionMask = 2147483647;
			files = (
				02B887BB295E4D7E00DFEDD4 /* APINetworkingUITests.swift in Sources */,
				02B887BD295E4D7E00DFEDD4 /* APINetworkingUITestsLaunchTests.swift in Sources */,
			);
			runOnlyForDeploymentPostprocessing = 0;
		};
/* End PBXSourcesBuildPhase section */

/* Begin PBXTargetDependency section */
		02B887AE295E4D7E00DFEDD4 /* PBXTargetDependency */ = {
			isa = PBXTargetDependency;
			target = 02B88795295E4D7C00DFEDD4 /* APINetworking */;
			targetProxy = 02B887AD295E4D7E00DFEDD4 /* PBXContainerItemProxy */;
		};
		02B887B8295E4D7E00DFEDD4 /* PBXTargetDependency */ = {
			isa = PBXTargetDependency;
			target = 02B88795295E4D7C00DFEDD4 /* APINetworking */;
			targetProxy = 02B887B7295E4D7E00DFEDD4 /* PBXContainerItemProxy */;
		};
/* End PBXTargetDependency section */

/* Begin PBXVariantGroup section */
		02B8879F295E4D7C00DFEDD4 /* Main.storyboard */ = {
			isa = PBXVariantGroup;
			children = (
				02B887A0295E4D7C00DFEDD4 /* Base */,
			);
			name = Main.storyboard;
			sourceTree = "<group>";
		};
		02B887A4295E4D7D00DFEDD4 /* LaunchScreen.storyboard */ = {
			isa = PBXVariantGroup;
			children = (
				02B887A5295E4D7D00DFEDD4 /* Base */,
			);
			name = LaunchScreen.storyboard;
			sourceTree = "<group>";
		};
/* End PBXVariantGroup section */

/* Begin XCBuildConfiguration section */
		02B887BE295E4D7E00DFEDD4 /* Debug */ = {
			isa = XCBuildConfiguration;
			buildSettings = {
				ALWAYS_SEARCH_USER_PATHS = NO;
				CLANG_ANALYZER_NONNULL = YES;
				CLANG_ANALYZER_NUMBER_OBJECT_CONVERSION = YES_AGGRESSIVE;
				CLANG_CXX_LANGUAGE_STANDARD = "gnu++20";
				CLANG_ENABLE_MODULES = YES;
				CLANG_ENABLE_OBJC_ARC = YES;
				CLANG_ENABLE_OBJC_WEAK = YES;
				CLANG_WARN_BLOCK_CAPTURE_AUTORELEASING = YES;
				CLANG_WARN_BOOL_CONVERSION = YES;
				CLANG_WARN_COMMA = YES;
				CLANG_WARN_CONSTANT_CONVERSION = YES;
				CLANG_WARN_DEPRECATED_OBJC_IMPLEMENTATIONS = YES;
				CLANG_WARN_DIRECT_OBJC_ISA_USAGE = YES_ERROR;
				CLANG_WARN_DOCUMENTATION_COMMENTS = YES;
				CLANG_WARN_EMPTY_BODY = YES;
				CLANG_WARN_ENUM_CONVERSION = YES;
				CLANG_WARN_INFINITE_RECURSION = YES;
				CLANG_WARN_INT_CONVERSION = YES;
				CLANG_WARN_NON_LITERAL_NULL_CONVERSION = YES;
				CLANG_WARN_OBJC_IMPLICIT_RETAIN_SELF = YES;
				CLANG_WARN_OBJC_LITERAL_CONVERSION = YES;
				CLANG_WARN_OBJC_ROOT_CLASS = YES_ERROR;
				CLANG_WARN_QUOTED_INCLUDE_IN_FRAMEWORK_HEADER = YES;
				CLANG_WARN_RANGE_LOOP_ANALYSIS = YES;
				CLANG_WARN_STRICT_PROTOTYPES = YES;
				CLANG_WARN_SUSPICIOUS_MOVE = YES;
				CLANG_WARN_UNGUARDED_AVAILABILITY = YES_AGGRESSIVE;
				CLANG_WARN_UNREACHABLE_CODE = YES;
				CLANG_WARN__DUPLICATE_METHOD_MATCH = YES;
				COPY_PHASE_STRIP = NO;
				DEBUG_INFORMATION_FORMAT = dwarf;
				ENABLE_STRICT_OBJC_MSGSEND = YES;
				ENABLE_TESTABILITY = YES;
				GCC_C_LANGUAGE_STANDARD = gnu11;
				GCC_DYNAMIC_NO_PIC = NO;
				GCC_NO_COMMON_BLOCKS = YES;
				GCC_OPTIMIZATION_LEVEL = 0;
				GCC_PREPROCESSOR_DEFINITIONS = (
					"DEBUG=1",
					"$(inherited)",
				);
				GCC_WARN_64_TO_32_BIT_CONVERSION = YES;
				GCC_WARN_ABOUT_RETURN_TYPE = YES_ERROR;
				GCC_WARN_UNDECLARED_SELECTOR = YES;
				GCC_WARN_UNINITIALIZED_AUTOS = YES_AGGRESSIVE;
				GCC_WARN_UNUSED_FUNCTION = YES;
				GCC_WARN_UNUSED_VARIABLE = YES;
				IPHONEOS_DEPLOYMENT_TARGET = 16.2;
				MTL_ENABLE_DEBUG_INFO = INCLUDE_SOURCE;
				MTL_FAST_MATH = YES;
				ONLY_ACTIVE_ARCH = YES;
				SDKROOT = iphoneos;
				SWIFT_ACTIVE_COMPILATION_CONDITIONS = DEBUG;
				SWIFT_OPTIMIZATION_LEVEL = "-Onone";
			};
			name = Debug;
		};
		02B887BF295E4D7E00DFEDD4 /* Release */ = {
			isa = XCBuildConfiguration;
			buildSettings = {
				ALWAYS_SEARCH_USER_PATHS = NO;
				CLANG_ANALYZER_NONNULL = YES;
				CLANG_ANALYZER_NUMBER_OBJECT_CONVERSION = YES_AGGRESSIVE;
				CLANG_CXX_LANGUAGE_STANDARD = "gnu++20";
				CLANG_ENABLE_MODULES = YES;
				CLANG_ENABLE_OBJC_ARC = YES;
				CLANG_ENABLE_OBJC_WEAK = YES;
				CLANG_WARN_BLOCK_CAPTURE_AUTORELEASING = YES;
				CLANG_WARN_BOOL_CONVERSION = YES;
				CLANG_WARN_COMMA = YES;
				CLANG_WARN_CONSTANT_CONVERSION = YES;
				CLANG_WARN_DEPRECATED_OBJC_IMPLEMENTATIONS = YES;
				CLANG_WARN_DIRECT_OBJC_ISA_USAGE = YES_ERROR;
				CLANG_WARN_DOCUMENTATION_COMMENTS = YES;
				CLANG_WARN_EMPTY_BODY = YES;
				CLANG_WARN_ENUM_CONVERSION = YES;
				CLANG_WARN_INFINITE_RECURSION = YES;
				CLANG_WARN_INT_CONVERSION = YES;
				CLANG_WARN_NON_LITERAL_NULL_CONVERSION = YES;
				CLANG_WARN_OBJC_IMPLICIT_RETAIN_SELF = YES;
				CLANG_WARN_OBJC_LITERAL_CONVERSION = YES;
				CLANG_WARN_OBJC_ROOT_CLASS = YES_ERROR;
				CLANG_WARN_QUOTED_INCLUDE_IN_FRAMEWORK_HEADER = YES;
				CLANG_WARN_RANGE_LOOP_ANALYSIS = YES;
				CLANG_WARN_STRICT_PROTOTYPES = YES;
				CLANG_WARN_SUSPICIOUS_MOVE = YES;
				CLANG_WARN_UNGUARDED_AVAILABILITY = YES_AGGRESSIVE;
				CLANG_WARN_UNREACHABLE_CODE = YES;
				CLANG_WARN__DUPLICATE_METHOD_MATCH = YES;
				COPY_PHASE_STRIP = NO;
				DEBUG_INFORMATION_FORMAT = "dwarf-with-dsym";
				ENABLE_NS_ASSERTIONS = NO;
				ENABLE_STRICT_OBJC_MSGSEND = YES;
				GCC_C_LANGUAGE_STANDARD = gnu11;
				GCC_NO_COMMON_BLOCKS = YES;
				GCC_WARN_64_TO_32_BIT_CONVERSION = YES;
				GCC_WARN_ABOUT_RETURN_TYPE = YES_ERROR;
				GCC_WARN_UNDECLARED_SELECTOR = YES;
				GCC_WARN_UNINITIALIZED_AUTOS = YES_AGGRESSIVE;
				GCC_WARN_UNUSED_FUNCTION = YES;
				GCC_WARN_UNUSED_VARIABLE = YES;
				IPHONEOS_DEPLOYMENT_TARGET = 16.2;
				MTL_ENABLE_DEBUG_INFO = NO;
				MTL_FAST_MATH = YES;
				SDKROOT = iphoneos;
				SWIFT_COMPILATION_MODE = wholemodule;
				SWIFT_OPTIMIZATION_LEVEL = "-O";
				VALIDATE_PRODUCT = YES;
			};
			name = Release;
		};
		02B887C1295E4D7E00DFEDD4 /* Debug */ = {
			isa = XCBuildConfiguration;
			baseConfigurationReference = 1F68B2BC90C19A843015D2CC /* Pods-APINetworking.debug.xcconfig */;
			buildSettings = {
				ASSETCATALOG_COMPILER_APPICON_NAME = AppIcon;
				ASSETCATALOG_COMPILER_GLOBAL_ACCENT_COLOR_NAME = AccentColor;
				CODE_SIGN_STYLE = Automatic;
				CURRENT_PROJECT_VERSION = 1;
				GENERATE_INFOPLIST_FILE = YES;
				INFOPLIST_FILE = APINetworking/Info.plist;
				INFOPLIST_KEY_UIApplicationSupportsIndirectInputEvents = YES;
				INFOPLIST_KEY_UILaunchStoryboardName = LaunchScreen;
				INFOPLIST_KEY_UIMainStoryboardFile = Main;
				INFOPLIST_KEY_UISupportedInterfaceOrientations_iPad = "UIInterfaceOrientationPortrait UIInterfaceOrientationPortraitUpsideDown UIInterfaceOrientationLandscapeLeft UIInterfaceOrientationLandscapeRight";
				INFOPLIST_KEY_UISupportedInterfaceOrientations_iPhone = "UIInterfaceOrientationPortrait UIInterfaceOrientationLandscapeLeft UIInterfaceOrientationLandscapeRight";
				LD_RUNPATH_SEARCH_PATHS = (
					"$(inherited)",
					"@executable_path/Frameworks",
				);
				MARKETING_VERSION = 1.0;
				PRODUCT_BUNDLE_IDENTIFIER = com.enhanceIT.APINetworking;
				PRODUCT_NAME = "$(TARGET_NAME)";
				SWIFT_EMIT_LOC_STRINGS = YES;
				SWIFT_VERSION = 5.0;
				TARGETED_DEVICE_FAMILY = "1,2";
			};
			name = Debug;
		};
		02B887C2295E4D7E00DFEDD4 /* Release */ = {
			isa = XCBuildConfiguration;
			baseConfigurationReference = 7274531605FF6BE80A982001 /* Pods-APINetworking.release.xcconfig */;
			buildSettings = {
				ASSETCATALOG_COMPILER_APPICON_NAME = AppIcon;
				ASSETCATALOG_COMPILER_GLOBAL_ACCENT_COLOR_NAME = AccentColor;
				CODE_SIGN_STYLE = Automatic;
				CURRENT_PROJECT_VERSION = 1;
				GENERATE_INFOPLIST_FILE = YES;
				INFOPLIST_FILE = APINetworking/Info.plist;
				INFOPLIST_KEY_UIApplicationSupportsIndirectInputEvents = YES;
				INFOPLIST_KEY_UILaunchStoryboardName = LaunchScreen;
				INFOPLIST_KEY_UIMainStoryboardFile = Main;
				INFOPLIST_KEY_UISupportedInterfaceOrientations_iPad = "UIInterfaceOrientationPortrait UIInterfaceOrientationPortraitUpsideDown UIInterfaceOrientationLandscapeLeft UIInterfaceOrientationLandscapeRight";
				INFOPLIST_KEY_UISupportedInterfaceOrientations_iPhone = "UIInterfaceOrientationPortrait UIInterfaceOrientationLandscapeLeft UIInterfaceOrientationLandscapeRight";
				LD_RUNPATH_SEARCH_PATHS = (
					"$(inherited)",
					"@executable_path/Frameworks",
				);
				MARKETING_VERSION = 1.0;
				PRODUCT_BUNDLE_IDENTIFIER = com.enhanceIT.APINetworking;
				PRODUCT_NAME = "$(TARGET_NAME)";
				SWIFT_EMIT_LOC_STRINGS = YES;
				SWIFT_VERSION = 5.0;
				TARGETED_DEVICE_FAMILY = "1,2";
			};
			name = Release;
		};
		02B887C4295E4D7E00DFEDD4 /* Debug */ = {
			isa = XCBuildConfiguration;
			baseConfigurationReference = 9AACAC15501F9DDBB65A7B53 /* Pods-APINetworkingTests.debug.xcconfig */;
			buildSettings = {
				ALWAYS_EMBED_SWIFT_STANDARD_LIBRARIES = YES;
				BUNDLE_LOADER = "$(TEST_HOST)";
				CODE_SIGN_STYLE = Automatic;
				CURRENT_PROJECT_VERSION = 1;
				GENERATE_INFOPLIST_FILE = YES;
				IPHONEOS_DEPLOYMENT_TARGET = 16.2;
				MARKETING_VERSION = 1.0;
				PRODUCT_BUNDLE_IDENTIFIER = com.enhanceIT.APINetworkingTests;
				PRODUCT_NAME = "$(TARGET_NAME)";
				SWIFT_EMIT_LOC_STRINGS = NO;
				SWIFT_VERSION = 5.0;
				TARGETED_DEVICE_FAMILY = "1,2";
				TEST_HOST = "$(BUILT_PRODUCTS_DIR)/APINetworking.app/$(BUNDLE_EXECUTABLE_FOLDER_PATH)/APINetworking";
			};
			name = Debug;
		};
		02B887C5295E4D7E00DFEDD4 /* Release */ = {
			isa = XCBuildConfiguration;
			baseConfigurationReference = C662D009624832F27F323038 /* Pods-APINetworkingTests.release.xcconfig */;
			buildSettings = {
				ALWAYS_EMBED_SWIFT_STANDARD_LIBRARIES = YES;
				BUNDLE_LOADER = "$(TEST_HOST)";
				CODE_SIGN_STYLE = Automatic;
				CURRENT_PROJECT_VERSION = 1;
				GENERATE_INFOPLIST_FILE = YES;
				IPHONEOS_DEPLOYMENT_TARGET = 16.2;
				MARKETING_VERSION = 1.0;
				PRODUCT_BUNDLE_IDENTIFIER = com.enhanceIT.APINetworkingTests;
				PRODUCT_NAME = "$(TARGET_NAME)";
				SWIFT_EMIT_LOC_STRINGS = NO;
				SWIFT_VERSION = 5.0;
				TARGETED_DEVICE_FAMILY = "1,2";
				TEST_HOST = "$(BUILT_PRODUCTS_DIR)/APINetworking.app/$(BUNDLE_EXECUTABLE_FOLDER_PATH)/APINetworking";
			};
			name = Release;
		};
		02B887C7295E4D7E00DFEDD4 /* Debug */ = {
			isa = XCBuildConfiguration;
			baseConfigurationReference = DADAA5FBF7DE7B6FD487CE23 /* Pods-APINetworking-APINetworkingUITests.debug.xcconfig */;
			buildSettings = {
				ALWAYS_EMBED_SWIFT_STANDARD_LIBRARIES = YES;
				CODE_SIGN_STYLE = Automatic;
				CURRENT_PROJECT_VERSION = 1;
				GENERATE_INFOPLIST_FILE = YES;
				MARKETING_VERSION = 1.0;
				PRODUCT_BUNDLE_IDENTIFIER = com.enhanceIT.APINetworkingUITests;
				PRODUCT_NAME = "$(TARGET_NAME)";
				SWIFT_EMIT_LOC_STRINGS = NO;
				SWIFT_VERSION = 5.0;
				TARGETED_DEVICE_FAMILY = "1,2";
				TEST_TARGET_NAME = APINetworking;
			};
			name = Debug;
		};
		02B887C8295E4D7E00DFEDD4 /* Release */ = {
			isa = XCBuildConfiguration;
			baseConfigurationReference = EBECC473099EC15C286AE8EE /* Pods-APINetworking-APINetworkingUITests.release.xcconfig */;
			buildSettings = {
				ALWAYS_EMBED_SWIFT_STANDARD_LIBRARIES = YES;
				CODE_SIGN_STYLE = Automatic;
				CURRENT_PROJECT_VERSION = 1;
				GENERATE_INFOPLIST_FILE = YES;
				MARKETING_VERSION = 1.0;
				PRODUCT_BUNDLE_IDENTIFIER = com.enhanceIT.APINetworkingUITests;
				PRODUCT_NAME = "$(TARGET_NAME)";
				SWIFT_EMIT_LOC_STRINGS = NO;
				SWIFT_VERSION = 5.0;
				TARGETED_DEVICE_FAMILY = "1,2";
				TEST_TARGET_NAME = APINetworking;
			};
			name = Release;
		};
/* End XCBuildConfiguration section */

/* Begin XCConfigurationList section */
		02B88791295E4D7C00DFEDD4 /* Build configuration list for PBXProject "APINetworking" */ = {
			isa = XCConfigurationList;
			buildConfigurations = (
				02B887BE295E4D7E00DFEDD4 /* Debug */,
				02B887BF295E4D7E00DFEDD4 /* Release */,
			);
			defaultConfigurationIsVisible = 0;
			defaultConfigurationName = Release;
		};
		02B887C0295E4D7E00DFEDD4 /* Build configuration list for PBXNativeTarget "APINetworking" */ = {
			isa = XCConfigurationList;
			buildConfigurations = (
				02B887C1295E4D7E00DFEDD4 /* Debug */,
				02B887C2295E4D7E00DFEDD4 /* Release */,
			);
			defaultConfigurationIsVisible = 0;
			defaultConfigurationName = Release;
		};
		02B887C3295E4D7E00DFEDD4 /* Build configuration list for PBXNativeTarget "APINetworkingTests" */ = {
			isa = XCConfigurationList;
			buildConfigurations = (
				02B887C4295E4D7E00DFEDD4 /* Debug */,
				02B887C5295E4D7E00DFEDD4 /* Release */,
			);
			defaultConfigurationIsVisible = 0;
			defaultConfigurationName = Release;
		};
		02B887C6295E4D7E00DFEDD4 /* Build configuration list for PBXNativeTarget "APINetworkingUITests" */ = {
			isa = XCConfigurationList;
			buildConfigurations = (
				02B887C7295E4D7E00DFEDD4 /* Debug */,
				02B887C8295E4D7E00DFEDD4 /* Release */,
			);
			defaultConfigurationIsVisible = 0;
			defaultConfigurationName = Release;
		};
/* End XCConfigurationList section */
	};
	rootObject = 02B8878E295E4D7C00DFEDD4 /* Project object */;
}
